// !$*UTF8*$!
{
	archiveVersion = 1;
	classes = {
	};
	objectVersion = 55;
	objects = {

/* Begin PBXBuildFile section */
		430954FC27A5A529008679D3 /* Theme.swift in Sources */ = {isa = PBXBuildFile; fileRef = 430954FB27A5A529008679D3 /* Theme.swift */; };
		430954FE27A5A708008679D3 /* DailyScrum.swift in Sources */ = {isa = PBXBuildFile; fileRef = 430954FD27A5A708008679D3 /* DailyScrum.swift */; };
		4309550027A5A7F0008679D3 /* CardView.swift in Sources */ = {isa = PBXBuildFile; fileRef = 430954FF27A5A7F0008679D3 /* CardView.swift */; };
		4309550227A5AADD008679D3 /* TrailingIconLabelStyle.swift in Sources */ = {isa = PBXBuildFile; fileRef = 4309550127A5AADD008679D3 /* TrailingIconLabelStyle.swift */; };
		4309550427A5ADA0008679D3 /* ScrumsView.swift in Sources */ = {isa = PBXBuildFile; fileRef = 4309550327A5ADA0008679D3 /* ScrumsView.swift */; };
		43A0C57127A0E99B0041D497 /* ProjectPlannerApp.swift in Sources */ = {isa = PBXBuildFile; fileRef = 43A0C57027A0E99B0041D497 /* ProjectPlannerApp.swift */; };
		43A0C57327A0E99B0041D497 /* MeetingView.swift in Sources */ = {isa = PBXBuildFile; fileRef = 43A0C57227A0E99B0041D497 /* MeetingView.swift */; };
		43A0C57527A0E99D0041D497 /* Assets.xcassets in Resources */ = {isa = PBXBuildFile; fileRef = 43A0C57427A0E99D0041D497 /* Assets.xcassets */; };
		43A0C57827A0E99D0041D497 /* Preview Assets.xcassets in Resources */ = {isa = PBXBuildFile; fileRef = 43A0C57727A0E99D0041D497 /* Preview Assets.xcassets */; };
		43A0C58227A0E99D0041D497 /* ProjectPlannerTests.swift in Sources */ = {isa = PBXBuildFile; fileRef = 43A0C58127A0E99D0041D497 /* ProjectPlannerTests.swift */; };
		43A0C58C27A0E99D0041D497 /* ProjectPlannerUITests.swift in Sources */ = {isa = PBXBuildFile; fileRef = 43A0C58B27A0E99D0041D497 /* ProjectPlannerUITests.swift */; };
		43A0C58E27A0E99D0041D497 /* ProjectPlannerUITestsLaunchTests.swift in Sources */ = {isa = PBXBuildFile; fileRef = 43A0C58D27A0E99D0041D497 /* ProjectPlannerUITestsLaunchTests.swift */; };
		43D389D127A8DA91006DD58F /* DetailView.swift in Sources */ = {isa = PBXBuildFile; fileRef = 43D389D027A8DA91006DD58F /* DetailView.swift */; };
/* End PBXBuildFile section */

/* Begin PBXContainerItemProxy section */
		43A0C57E27A0E99D0041D497 /* PBXContainerItemProxy */ = {
			isa = PBXContainerItemProxy;
			containerPortal = 43A0C56527A0E99B0041D497 /* Project object */;
			proxyType = 1;
			remoteGlobalIDString = 43A0C56C27A0E99B0041D497;
			remoteInfo = ProjectPlanner;
		};
		43A0C58827A0E99D0041D497 /* PBXContainerItemProxy */ = {
			isa = PBXContainerItemProxy;
			containerPortal = 43A0C56527A0E99B0041D497 /* Project object */;
			proxyType = 1;
			remoteGlobalIDString = 43A0C56C27A0E99B0041D497;
			remoteInfo = ProjectPlanner;
		};
/* End PBXContainerItemProxy section */

/* Begin PBXFileReference section */
		430954FB27A5A529008679D3 /* Theme.swift */ = {isa = PBXFileReference; lastKnownFileType = sourcecode.swift; path = Theme.swift; sourceTree = "<group>"; };
		430954FD27A5A708008679D3 /* DailyScrum.swift */ = {isa = PBXFileReference; lastKnownFileType = sourcecode.swift; path = DailyScrum.swift; sourceTree = "<group>"; };
		430954FF27A5A7F0008679D3 /* CardView.swift */ = {isa = PBXFileReference; lastKnownFileType = sourcecode.swift; path = CardView.swift; sourceTree = "<group>"; };
		4309550127A5AADD008679D3 /* TrailingIconLabelStyle.swift */ = {isa = PBXFileReference; lastKnownFileType = sourcecode.swift; path = TrailingIconLabelStyle.swift; sourceTree = "<group>"; };
		4309550327A5ADA0008679D3 /* ScrumsView.swift */ = {isa = PBXFileReference; lastKnownFileType = sourcecode.swift; path = ScrumsView.swift; sourceTree = "<group>"; };
		43A0C56D27A0E99B0041D497 /* ProjectPlanner.app */ = {isa = PBXFileReference; explicitFileType = wrapper.application; includeInIndex = 0; path = ProjectPlanner.app; sourceTree = BUILT_PRODUCTS_DIR; };
		43A0C57027A0E99B0041D497 /* ProjectPlannerApp.swift */ = {isa = PBXFileReference; lastKnownFileType = sourcecode.swift; path = ProjectPlannerApp.swift; sourceTree = "<group>"; };
		43A0C57227A0E99B0041D497 /* MeetingView.swift */ = {isa = PBXFileReference; lastKnownFileType = sourcecode.swift; path = MeetingView.swift; sourceTree = "<group>"; };
		43A0C57427A0E99D0041D497 /* Assets.xcassets */ = {isa = PBXFileReference; lastKnownFileType = folder.assetcatalog; path = Assets.xcassets; sourceTree = "<group>"; };
		43A0C57727A0E99D0041D497 /* Preview Assets.xcassets */ = {isa = PBXFileReference; lastKnownFileType = folder.assetcatalog; path = "Preview Assets.xcassets"; sourceTree = "<group>"; };
		43A0C57D27A0E99D0041D497 /* ProjectPlannerTests.xctest */ = {isa = PBXFileReference; explicitFileType = wrapper.cfbundle; includeInIndex = 0; path = ProjectPlannerTests.xctest; sourceTree = BUILT_PRODUCTS_DIR; };
		43A0C58127A0E99D0041D497 /* ProjectPlannerTests.swift */ = {isa = PBXFileReference; lastKnownFileType = sourcecode.swift; path = ProjectPlannerTests.swift; sourceTree = "<group>"; };
		43A0C58727A0E99D0041D497 /* ProjectPlannerUITests.xctest */ = {isa = PBXFileReference; explicitFileType = wrapper.cfbundle; includeInIndex = 0; path = ProjectPlannerUITests.xctest; sourceTree = BUILT_PRODUCTS_DIR; };
		43A0C58B27A0E99D0041D497 /* ProjectPlannerUITests.swift */ = {isa = PBXFileReference; lastKnownFileType = sourcecode.swift; path = ProjectPlannerUITests.swift; sourceTree = "<group>"; };
		43A0C58D27A0E99D0041D497 /* ProjectPlannerUITestsLaunchTests.swift */ = {isa = PBXFileReference; lastKnownFileType = sourcecode.swift; path = ProjectPlannerUITestsLaunchTests.swift; sourceTree = "<group>"; };
		43D389D027A8DA91006DD58F /* DetailView.swift */ = {isa = PBXFileReference; lastKnownFileType = sourcecode.swift; path = DetailView.swift; sourceTree = "<group>"; };
/* End PBXFileReference section */

/* Begin PBXFrameworksBuildPhase section */
		43A0C56A27A0E99B0041D497 /* Frameworks */ = {
			isa = PBXFrameworksBuildPhase;
			buildActionMask = 2147483647;
			files = (
			);
			runOnlyForDeploymentPostprocessing = 0;
		};
		43A0C57A27A0E99D0041D497 /* Frameworks */ = {
			isa = PBXFrameworksBuildPhase;
			buildActionMask = 2147483647;
			files = (
			);
			runOnlyForDeploymentPostprocessing = 0;
		};
		43A0C58427A0E99D0041D497 /* Frameworks */ = {
			isa = PBXFrameworksBuildPhase;
			buildActionMask = 2147483647;
			files = (
			);
			runOnlyForDeploymentPostprocessing = 0;
		};
/* End PBXFrameworksBuildPhase section */

/* Begin PBXGroup section */
		430954FA27A5A50D008679D3 /* Models */ = {
			isa = PBXGroup;
			children = (
				430954FB27A5A529008679D3 /* Theme.swift */,
				430954FD27A5A708008679D3 /* DailyScrum.swift */,
			);
			path = Models;
			sourceTree = "<group>";
		};
		43A0C56427A0E99B0041D497 = {
			isa = PBXGroup;
			children = (
				43A0C56F27A0E99B0041D497 /* ProjectPlanner */,
				43A0C58027A0E99D0041D497 /* ProjectPlannerTests */,
				43A0C58A27A0E99D0041D497 /* ProjectPlannerUITests */,
				43A0C56E27A0E99B0041D497 /* Products */,
			);
			sourceTree = "<group>";
		};
		43A0C56E27A0E99B0041D497 /* Products */ = {
			isa = PBXGroup;
			children = (
				43A0C56D27A0E99B0041D497 /* ProjectPlanner.app */,
				43A0C57D27A0E99D0041D497 /* ProjectPlannerTests.xctest */,
				43A0C58727A0E99D0041D497 /* ProjectPlannerUITests.xctest */,
			);
			name = Products;
			sourceTree = "<group>";
		};
		43A0C56F27A0E99B0041D497 /* ProjectPlanner */ = {
			isa = PBXGroup;
			children = (
				43A0C57027A0E99B0041D497 /* ProjectPlannerApp.swift */,
				43A0C57227A0E99B0041D497 /* MeetingView.swift */,
				430954FF27A5A7F0008679D3 /* CardView.swift */,
				4309550327A5ADA0008679D3 /* ScrumsView.swift */,
				4309550127A5AADD008679D3 /* TrailingIconLabelStyle.swift */,
				430954FA27A5A50D008679D3 /* Models */,
				43A0C57427A0E99D0041D497 /* Assets.xcassets */,
				43A0C57627A0E99D0041D497 /* Preview Content */,
				43D389D027A8DA91006DD58F /* DetailView.swift */,
			);
			path = ProjectPlanner;
			sourceTree = "<group>";
		};
		43A0C57627A0E99D0041D497 /* Preview Content */ = {
			isa = PBXGroup;
			children = (
				43A0C57727A0E99D0041D497 /* Preview Assets.xcassets */,
			);
			path = "Preview Content";
			sourceTree = "<group>";
		};
		43A0C58027A0E99D0041D497 /* ProjectPlannerTests */ = {
			isa = PBXGroup;
			children = (
				43A0C58127A0E99D0041D497 /* ProjectPlannerTests.swift */,
			);
			path = ProjectPlannerTests;
			sourceTree = "<group>";
		};
		43A0C58A27A0E99D0041D497 /* ProjectPlannerUITests */ = {
			isa = PBXGroup;
			children = (
				43A0C58B27A0E99D0041D497 /* ProjectPlannerUITests.swift */,
				43A0C58D27A0E99D0041D497 /* ProjectPlannerUITestsLaunchTests.swift */,
			);
			path = ProjectPlannerUITests;
			sourceTree = "<group>";
		};
/* End PBXGroup section */

/* Begin PBXNativeTarget section */
		43A0C56C27A0E99B0041D497 /* ProjectPlanner */ = {
			isa = PBXNativeTarget;
			buildConfigurationList = 43A0C59127A0E99D0041D497 /* Build configuration list for PBXNativeTarget "ProjectPlanner" */;
			buildPhases = (
				43A0C56927A0E99B0041D497 /* Sources */,
				43A0C56A27A0E99B0041D497 /* Frameworks */,
				43A0C56B27A0E99B0041D497 /* Resources */,
			);
			buildRules = (
			);
			dependencies = (
			);
			name = ProjectPlanner;
			productName = ProjectPlanner;
			productReference = 43A0C56D27A0E99B0041D497 /* ProjectPlanner.app */;
			productType = "com.apple.product-type.application";
		};
		43A0C57C27A0E99D0041D497 /* ProjectPlannerTests */ = {
			isa = PBXNativeTarget;
			buildConfigurationList = 43A0C59427A0E99D0041D497 /* Build configuration list for PBXNativeTarget "ProjectPlannerTests" */;
			buildPhases = (
				43A0C57927A0E99D0041D497 /* Sources */,
				43A0C57A27A0E99D0041D497 /* Frameworks */,
				43A0C57B27A0E99D0041D497 /* Resources */,
			);
			buildRules = (
			);
			dependencies = (
				43A0C57F27A0E99D0041D497 /* PBXTargetDependency */,
			);
			name = ProjectPlannerTests;
			productName = ProjectPlannerTests;
			productReference = 43A0C57D27A0E99D0041D497 /* ProjectPlannerTests.xctest */;
			productType = "com.apple.product-type.bundle.unit-test";
		};
		43A0C58627A0E99D0041D497 /* ProjectPlannerUITests */ = {
			isa = PBXNativeTarget;
			buildConfigurationList = 43A0C59727A0E99D0041D497 /* Build configuration list for PBXNativeTarget "ProjectPlannerUITests" */;
			buildPhases = (
				43A0C58327A0E99D0041D497 /* Sources */,
				43A0C58427A0E99D0041D497 /* Frameworks */,
				43A0C58527A0E99D0041D497 /* Resources */,
			);
			buildRules = (
			);
			dependencies = (
				43A0C58927A0E99D0041D497 /* PBXTargetDependency */,
			);
			name = ProjectPlannerUITests;
			productName = ProjectPlannerUITests;
			productReference = 43A0C58727A0E99D0041D497 /* ProjectPlannerUITests.xctest */;
			productType = "com.apple.product-type.bundle.ui-testing";
		};
/* End PBXNativeTarget section */

/* Begin PBXProject section */
		43A0C56527A0E99B0041D497 /* Project object */ = {
			isa = PBXProject;
			attributes = {
				BuildIndependentTargetsInParallel = 1;
				LastSwiftUpdateCheck = 1320;
				LastUpgradeCheck = 1320;
				TargetAttributes = {
					43A0C56C27A0E99B0041D497 = {
						CreatedOnToolsVersion = 13.2.1;
					};
					43A0C57C27A0E99D0041D497 = {
						CreatedOnToolsVersion = 13.2.1;
						TestTargetID = 43A0C56C27A0E99B0041D497;
					};
					43A0C58627A0E99D0041D497 = {
						CreatedOnToolsVersion = 13.2.1;
						TestTargetID = 43A0C56C27A0E99B0041D497;
					};
				};
			};
			buildConfigurationList = 43A0C56827A0E99B0041D497 /* Build configuration list for PBXProject "ProjectPlanner" */;
			compatibilityVersion = "Xcode 13.0";
			developmentRegion = en;
			hasScannedForEncodings = 0;
			knownRegions = (
				en,
				Base,
			);
			mainGroup = 43A0C56427A0E99B0041D497;
			productRefGroup = 43A0C56E27A0E99B0041D497 /* Products */;
			projectDirPath = "";
			projectRoot = "";
			targets = (
				43A0C56C27A0E99B0041D497 /* ProjectPlanner */,
				43A0C57C27A0E99D0041D497 /* ProjectPlannerTests */,
				43A0C58627A0E99D0041D497 /* ProjectPlannerUITests */,
			);
		};
/* End PBXProject section */

/* Begin PBXResourcesBuildPhase section */
		43A0C56B27A0E99B0041D497 /* Resources */ = {
			isa = PBXResourcesBuildPhase;
			buildActionMask = 2147483647;
			files = (
				43A0C57827A0E99D0041D497 /* Preview Assets.xcassets in Resources */,
				43A0C57527A0E99D0041D497 /* Assets.xcassets in Resources */,
			);
			runOnlyForDeploymentPostprocessing = 0;
		};
		43A0C57B27A0E99D0041D497 /* Resources */ = {
			isa = PBXResourcesBuildPhase;
			buildActionMask = 2147483647;
			files = (
			);
			runOnlyForDeploymentPostprocessing = 0;
		};
		43A0C58527A0E99D0041D497 /* Resources */ = {
			isa = PBXResourcesBuildPhase;
			buildActionMask = 2147483647;
			files = (
			);
			runOnlyForDeploymentPostprocessing = 0;
		};
/* End PBXResourcesBuildPhase section */

/* Begin PBXSourcesBuildPhase section */
		43A0C56927A0E99B0041D497 /* Sources */ = {
			isa = PBXSourcesBuildPhase;
			buildActionMask = 2147483647;
			files = (
				430954FE27A5A708008679D3 /* DailyScrum.swift in Sources */,
				43D389D127A8DA91006DD58F /* DetailView.swift in Sources */,
				4309550227A5AADD008679D3 /* TrailingIconLabelStyle.swift in Sources */,
				430954FC27A5A529008679D3 /* Theme.swift in Sources */,
				4309550427A5ADA0008679D3 /* ScrumsView.swift in Sources */,
				43A0C57327A0E99B0041D497 /* MeetingView.swift in Sources */,
				43A0C57127A0E99B0041D497 /* ProjectPlannerApp.swift in Sources */,
				4309550027A5A7F0008679D3 /* CardView.swift in Sources */,
			);
			runOnlyForDeploymentPostprocessing = 0;
		};
		43A0C57927A0E99D0041D497 /* Sources */ = {
			isa = PBXSourcesBuildPhase;
			buildActionMask = 2147483647;
			files = (
				43A0C58227A0E99D0041D497 /* ProjectPlannerTests.swift in Sources */,
			);
			runOnlyForDeploymentPostprocessing = 0;
		};
		43A0C58327A0E99D0041D497 /* Sources */ = {
			isa = PBXSourcesBuildPhase;
			buildActionMask = 2147483647;
			files = (
				43A0C58C27A0E99D0041D497 /* ProjectPlannerUITests.swift in Sources */,
				43A0C58E27A0E99D0041D497 /* ProjectPlannerUITestsLaunchTests.swift in Sources */,
			);
			runOnlyForDeploymentPostprocessing = 0;
		};
/* End PBXSourcesBuildPhase section */

/* Begin PBXTargetDependency section */
		43A0C57F27A0E99D0041D497 /* PBXTargetDependency */ = {
			isa = PBXTargetDependency;
			target = 43A0C56C27A0E99B0041D497 /* ProjectPlanner */;
			targetProxy = 43A0C57E27A0E99D0041D497 /* PBXContainerItemProxy */;
		};
		43A0C58927A0E99D0041D497 /* PBXTargetDependency */ = {
			isa = PBXTargetDependency;
			target = 43A0C56C27A0E99B0041D497 /* ProjectPlanner */;
			targetProxy = 43A0C58827A0E99D0041D497 /* PBXContainerItemProxy */;
		};
/* End PBXTargetDependency section */

/* Begin XCBuildConfiguration section */
		43A0C58F27A0E99D0041D497 /* Debug */ = {
			isa = XCBuildConfiguration;
			buildSettings = {
				ALWAYS_SEARCH_USER_PATHS = NO;
				CLANG_ANALYZER_NONNULL = YES;
				CLANG_ANALYZER_NUMBER_OBJECT_CONVERSION = YES_AGGRESSIVE;
				CLANG_CXX_LANGUAGE_STANDARD = "gnu++17";
				CLANG_CXX_LIBRARY = "libc++";
				CLANG_ENABLE_MODULES = YES;
				CLANG_ENABLE_OBJC_ARC = YES;
				CLANG_ENABLE_OBJC_WEAK = YES;
				CLANG_WARN_BLOCK_CAPTURE_AUTORELEASING = YES;
				CLANG_WARN_BOOL_CONVERSION = YES;
				CLANG_WARN_COMMA = YES;
				CLANG_WARN_CONSTANT_CONVERSION = YES;
				CLANG_WARN_DEPRECATED_OBJC_IMPLEMENTATIONS = YES;
				CLANG_WARN_DIRECT_OBJC_ISA_USAGE = YES_ERROR;
				CLANG_WARN_DOCUMENTATION_COMMENTS = YES;
				CLANG_WARN_EMPTY_BODY = YES;
				CLANG_WARN_ENUM_CONVERSION = YES;
				CLANG_WARN_INFINITE_RECURSION = YES;
				CLANG_WARN_INT_CONVERSION = YES;
				CLANG_WARN_NON_LITERAL_NULL_CONVERSION = YES;
				CLANG_WARN_OBJC_IMPLICIT_RETAIN_SELF = YES;
				CLANG_WARN_OBJC_LITERAL_CONVERSION = YES;
				CLANG_WARN_OBJC_ROOT_CLASS = YES_ERROR;
				CLANG_WARN_QUOTED_INCLUDE_IN_FRAMEWORK_HEADER = YES;
				CLANG_WARN_RANGE_LOOP_ANALYSIS = YES;
				CLANG_WARN_STRICT_PROTOTYPES = YES;
				CLANG_WARN_SUSPICIOUS_MOVE = YES;
				CLANG_WARN_UNGUARDED_AVAILABILITY = YES_AGGRESSIVE;
				CLANG_WARN_UNREACHABLE_CODE = YES;
				CLANG_WARN__DUPLICATE_METHOD_MATCH = YES;
				COPY_PHASE_STRIP = NO;
				DEBUG_INFORMATION_FORMAT = dwarf;
				ENABLE_STRICT_OBJC_MSGSEND = YES;
				ENABLE_TESTABILITY = YES;
				GCC_C_LANGUAGE_STANDARD = gnu11;
				GCC_DYNAMIC_NO_PIC = NO;
				GCC_NO_COMMON_BLOCKS = YES;
				GCC_OPTIMIZATION_LEVEL = 0;
				GCC_PREPROCESSOR_DEFINITIONS = (
					"DEBUG=1",
					"$(inherited)",
				);
				GCC_WARN_64_TO_32_BIT_CONVERSION = YES;
				GCC_WARN_ABOUT_RETURN_TYPE = YES_ERROR;
				GCC_WARN_UNDECLARED_SELECTOR = YES;
				GCC_WARN_UNINITIALIZED_AUTOS = YES_AGGRESSIVE;
				GCC_WARN_UNUSED_FUNCTION = YES;
				GCC_WARN_UNUSED_VARIABLE = YES;
				IPHONEOS_DEPLOYMENT_TARGET = 15.2;
				MTL_ENABLE_DEBUG_INFO = INCLUDE_SOURCE;
				MTL_FAST_MATH = YES;
				ONLY_ACTIVE_ARCH = YES;
				SDKROOT = iphoneos;
				SWIFT_ACTIVE_COMPILATION_CONDITIONS = DEBUG;
				SWIFT_OPTIMIZATION_LEVEL = "-Onone";
			};
			name = Debug;
		};
		43A0C59027A0E99D0041D497 /* Release */ = {
			isa = XCBuildConfiguration;
			buildSettings = {
				ALWAYS_SEARCH_USER_PATHS = NO;
				CLANG_ANALYZER_NONNULL = YES;
				CLANG_ANALYZER_NUMBER_OBJECT_CONVERSION = YES_AGGRESSIVE;
				CLANG_CXX_LANGUAGE_STANDARD = "gnu++17";
				CLANG_CXX_LIBRARY = "libc++";
				CLANG_ENABLE_MODULES = YES;
				CLANG_ENABLE_OBJC_ARC = YES;
				CLANG_ENABLE_OBJC_WEAK = YES;
				CLANG_WARN_BLOCK_CAPTURE_AUTORELEASING = YES;
				CLANG_WARN_BOOL_CONVERSION = YES;
				CLANG_WARN_COMMA = YES;
				CLANG_WARN_CONSTANT_CONVERSION = YES;
				CLANG_WARN_DEPRECATED_OBJC_IMPLEMENTATIONS = YES;
				CLANG_WARN_DIRECT_OBJC_ISA_USAGE = YES_ERROR;
				CLANG_WARN_DOCUMENTATION_COMMENTS = YES;
				CLANG_WARN_EMPTY_BODY = YES;
				CLANG_WARN_ENUM_CONVERSION = YES;
				CLANG_WARN_INFINITE_RECURSION = YES;
				CLANG_WARN_INT_CONVERSION = YES;
				CLANG_WARN_NON_LITERAL_NULL_CONVERSION = YES;
				CLANG_WARN_OBJC_IMPLICIT_RETAIN_SELF = YES;
				CLANG_WARN_OBJC_LITERAL_CONVERSION = YES;
				CLANG_WARN_OBJC_ROOT_CLASS = YES_ERROR;
				CLANG_WARN_QUOTED_INCLUDE_IN_FRAMEWORK_HEADER = YES;
				CLANG_WARN_RANGE_LOOP_ANALYSIS = YES;
				CLANG_WARN_STRICT_PROTOTYPES = YES;
				CLANG_WARN_SUSPICIOUS_MOVE = YES;
				CLANG_WARN_UNGUARDED_AVAILABILITY = YES_AGGRESSIVE;
				CLANG_WARN_UNREACHABLE_CODE = YES;
				CLANG_WARN__DUPLICATE_METHOD_MATCH = YES;
				COPY_PHASE_STRIP = NO;
				DEBUG_INFORMATION_FORMAT = "dwarf-with-dsym";
				ENABLE_NS_ASSERTIONS = NO;
				ENABLE_STRICT_OBJC_MSGSEND = YES;
				GCC_C_LANGUAGE_STANDARD = gnu11;
				GCC_NO_COMMON_BLOCKS = YES;
				GCC_WARN_64_TO_32_BIT_CONVERSION = YES;
				GCC_WARN_ABOUT_RETURN_TYPE = YES_ERROR;
				GCC_WARN_UNDECLARED_SELECTOR = YES;
				GCC_WARN_UNINITIALIZED_AUTOS = YES_AGGRESSIVE;
				GCC_WARN_UNUSED_FUNCTION = YES;
				GCC_WARN_UNUSED_VARIABLE = YES;
				IPHONEOS_DEPLOYMENT_TARGET = 15.2;
				MTL_ENABLE_DEBUG_INFO = NO;
				MTL_FAST_MATH = YES;
				SDKROOT = iphoneos;
				SWIFT_COMPILATION_MODE = wholemodule;
				SWIFT_OPTIMIZATION_LEVEL = "-O";
				VALIDATE_PRODUCT = YES;
			};
			name = Release;
		};
		43A0C59227A0E99D0041D497 /* Debug */ = {
			isa = XCBuildConfiguration;
			buildSettings = {
				ASSETCATALOG_COMPILER_APPICON_NAME = AppIcon;
				ASSETCATALOG_COMPILER_GLOBAL_ACCENT_COLOR_NAME = AccentColor;
				CODE_SIGN_STYLE = Automatic;
				CURRENT_PROJECT_VERSION = 1;
				DEVELOPMENT_ASSET_PATHS = "\"ProjectPlanner/Preview Content\"";
				ENABLE_PREVIEWS = YES;
				GENERATE_INFOPLIST_FILE = YES;
				INFOPLIST_KEY_UIApplicationSceneManifest_Generation = YES;
				INFOPLIST_KEY_UIApplicationSupportsIndirectInputEvents = YES;
				INFOPLIST_KEY_UILaunchScreen_Generation = YES;
				INFOPLIST_KEY_UISupportedInterfaceOrientations_iPad = "UIInterfaceOrientationPortrait UIInterfaceOrientationPortraitUpsideDown UIInterfaceOrientationLandscapeLeft UIInterfaceOrientationLandscapeRight";
				INFOPLIST_KEY_UISupportedInterfaceOrientations_iPhone = "UIInterfaceOrientationPortrait UIInterfaceOrientationLandscapeLeft UIInterfaceOrientationLandscapeRight";
				LD_RUNPATH_SEARCH_PATHS = (
					"$(inherited)",
					"@executable_path/Frameworks",
				);
				MARKETING_VERSION = 1.0;
				PRODUCT_BUNDLE_IDENTIFIER = SnappyDevlpr.ProjectPlanner;
				PRODUCT_NAME = "$(TARGET_NAME)";
				SWIFT_EMIT_LOC_STRINGS = YES;
				SWIFT_VERSION = 5.0;
				TARGETED_DEVICE_FAMILY = "1,2";
			};
			name = Debug;
		};
		43A0C59327A0E99D0041D497 /* Release */ = {
			isa = XCBuildConfiguration;
			buildSettings = {
				ASSETCATALOG_COMPILER_APPICON_NAME = AppIcon;
				ASSETCATALOG_COMPILER_GLOBAL_ACCENT_COLOR_NAME = AccentColor;
				CODE_SIGN_STYLE = Automatic;
				CURRENT_PROJECT_VERSION = 1;
				DEVELOPMENT_ASSET_PATHS = "\"ProjectPlanner/Preview Content\"";
				ENABLE_PREVIEWS = YES;
				GENERATE_INFOPLIST_FILE = YES;
				INFOPLIST_KEY_UIApplicationSceneManifest_Generation = YES;
				INFOPLIST_KEY_UIApplicationSupportsIndirectInputEvents = YES;
				INFOPLIST_KEY_UILaunchScreen_Generation = YES;
				INFOPLIST_KEY_UISupportedInterfaceOrientations_iPad = "UIInterfaceOrientationPortrait UIInterfaceOrientationPortraitUpsideDown UIInterfaceOrientationLandscapeLeft UIInterfaceOrientationLandscapeRight";
				INFOPLIST_KEY_UISupportedInterfaceOrientations_iPhone = "UIInterfaceOrientationPortrait UIInterfaceOrientationLandscapeLeft UIInterfaceOrientationLandscapeRight";
				LD_RUNPATH_SEARCH_PATHS = (
					"$(inherited)",
					"@executable_path/Frameworks",
				);
				MARKETING_VERSION = 1.0;
				PRODUCT_BUNDLE_IDENTIFIER = SnappyDevlpr.ProjectPlanner;
				PRODUCT_NAME = "$(TARGET_NAME)";
				SWIFT_EMIT_LOC_STRINGS = YES;
				SWIFT_VERSION = 5.0;
				TARGETED_DEVICE_FAMILY = "1,2";
			};
			name = Release;
		};
		43A0C59527A0E99D0041D497 /* Debug */ = {
			isa = XCBuildConfiguration;
			buildSettings = {
				ALWAYS_EMBED_SWIFT_STANDARD_LIBRARIES = YES;
				BUNDLE_LOADER = "$(TEST_HOST)";
				CODE_SIGN_STYLE = Automatic;
				CURRENT_PROJECT_VERSION = 1;
				GENERATE_INFOPLIST_FILE = YES;
				IPHONEOS_DEPLOYMENT_TARGET = 15.2;
				MARKETING_VERSION = 1.0;
				PRODUCT_BUNDLE_IDENTIFIER = SnappyDevlpr.ProjectPlannerTests;
				PRODUCT_NAME = "$(TARGET_NAME)";
				SWIFT_EMIT_LOC_STRINGS = NO;
				SWIFT_VERSION = 5.0;
				TARGETED_DEVICE_FAMILY = "1,2";
				TEST_HOST = "$(BUILT_PRODUCTS_DIR)/ProjectPlanner.app/ProjectPlanner";
			};
			name = Debug;
		};
		43A0C59627A0E99D0041D497 /* Release */ = {
			isa = XCBuildConfiguration;
			buildSettings = {
				ALWAYS_EMBED_SWIFT_STANDARD_LIBRARIES = YES;
				BUNDLE_LOADER = "$(TEST_HOST)";
				CODE_SIGN_STYLE = Automatic;
				CURRENT_PROJECT_VERSION = 1;
				GENERATE_INFOPLIST_FILE = YES;
				IPHONEOS_DEPLOYMENT_TARGET = 15.2;
				MARKETING_VERSION = 1.0;
				PRODUCT_BUNDLE_IDENTIFIER = SnappyDevlpr.ProjectPlannerTests;
				PRODUCT_NAME = "$(TARGET_NAME)";
				SWIFT_EMIT_LOC_STRINGS = NO;
				SWIFT_VERSION = 5.0;
				TARGETED_DEVICE_FAMILY = "1,2";
				TEST_HOST = "$(BUILT_PRODUCTS_DIR)/ProjectPlanner.app/ProjectPlanner";
			};
			name = Release;
		};
		43A0C59827A0E99D0041D497 /* Debug */ = {
			isa = XCBuildConfiguration;
			buildSettings = {
				ALWAYS_EMBED_SWIFT_STANDARD_LIBRARIES = YES;
				CODE_SIGN_STYLE = Automatic;
				CURRENT_PROJECT_VERSION = 1;
				GENERATE_INFOPLIST_FILE = YES;
				MARKETING_VERSION = 1.0;
				PRODUCT_BUNDLE_IDENTIFIER = SnappyDevlpr.ProjectPlannerUITests;
				PRODUCT_NAME = "$(TARGET_NAME)";
				SWIFT_EMIT_LOC_STRINGS = NO;
				SWIFT_VERSION = 5.0;
				TARGETED_DEVICE_FAMILY = "1,2";
				TEST_TARGET_NAME = ProjectPlanner;
			};
			name = Debug;
		};
		43A0C59927A0E99D0041D497 /* Release */ = {
			isa = XCBuildConfiguration;
			buildSettings = {
				ALWAYS_EMBED_SWIFT_STANDARD_LIBRARIES = YES;
				CODE_SIGN_STYLE = Automatic;
				CURRENT_PROJECT_VERSION = 1;
				GENERATE_INFOPLIST_FILE = YES;
				MARKETING_VERSION = 1.0;
				PRODUCT_BUNDLE_IDENTIFIER = SnappyDevlpr.ProjectPlannerUITests;
				PRODUCT_NAME = "$(TARGET_NAME)";
				SWIFT_EMIT_LOC_STRINGS = NO;
				SWIFT_VERSION = 5.0;
				TARGETED_DEVICE_FAMILY = "1,2";
				TEST_TARGET_NAME = ProjectPlanner;
			};
			name = Release;
		};
/* End XCBuildConfiguration section */

/* Begin XCConfigurationList section */
		43A0C56827A0E99B0041D497 /* Build configuration list for PBXProject "ProjectPlanner" */ = {
			isa = XCConfigurationList;
			buildConfigurations = (
				43A0C58F27A0E99D0041D497 /* Debug */,
				43A0C59027A0E99D0041D497 /* Release */,
			);
			defaultConfigurationIsVisible = 0;
			defaultConfigurationName = Release;
		};
		43A0C59127A0E99D0041D497 /* Build configuration list for PBXNativeTarget "ProjectPlanner" */ = {
			isa = XCConfigurationList;
			buildConfigurations = (
				43A0C59227A0E99D0041D497 /* Debug */,
				43A0C59327A0E99D0041D497 /* Release */,
			);
			defaultConfigurationIsVisible = 0;
			defaultConfigurationName = Release;
		};
		43A0C59427A0E99D0041D497 /* Build configuration list for PBXNativeTarget "ProjectPlannerTests" */ = {
			isa = XCConfigurationList;
			buildConfigurations = (
				43A0C59527A0E99D0041D497 /* Debug */,
				43A0C59627A0E99D0041D497 /* Release */,
			);
			defaultConfigurationIsVisible = 0;
			defaultConfigurationName = Release;
		};
		43A0C59727A0E99D0041D497 /* Build configuration list for PBXNativeTarget "ProjectPlannerUITests" */ = {
			isa = XCConfigurationList;
			buildConfigurations = (
				43A0C59827A0E99D0041D497 /* Debug */,
				43A0C59927A0E99D0041D497 /* Release */,
			);
			defaultConfigurationIsVisible = 0;
			defaultConfigurationName = Release;
		};
/* End XCConfigurationList section */
	};
	rootObject = 43A0C56527A0E99B0041D497 /* Project object */;
}
